{
  "lockfileVersion": 1,
  "configVersion": 1,
  "workspaces": {
    "": {
      "name": "digital-shop",
      "dependencies": {
        "@prisma/client": "^5.22.0",
        "bcryptjs": "^3.0.3",
        "ioredis": "^5.4.1",
        "jose": "^6.2.3",
        "next": "^15.0.0",
        "next-intl": "^3.26.0",
        "node-cron": "^4.4.1",
        "react": "^19.0.0",
        "react-dom": "^19.0.0",
        "tsx": "^4.22.4",
        "zod": "^3.24.1",
      },
      "devDependencies": {
        "@types/bcryptjs": "^3.0.0",
        "@types/node": "^22.10.0",
        "@types/node-cron": "^3.0.11",
        "@types/react": "^19.0.0",
        "@types/react-dom": "^19.0.0",
        "prisma": "^5.22.0",
        "typescript": "^5.7.2",
      },
    },
  },
  "packages": {
    "@emnapi/runtime": ["@emnapi/runtime@1.11.1", "https://europe-west4-npm.pkg.dev/lovable-core-prod/sandbox-npm-cache/@emnapi/runtime/-/runtime-1.11.1.tgz", { "dependencies": { "tslib": "^2.4.0" } }, "sha512-vgj7R3y3Wgx24IQaGPA/R6YFXLHVMOZ0uVEyIQPaWs+rd1AzfEMXlAC22FYwO1XkKR6NPsq7mUandH8oIRdZFw=="],

    "@esbuild/aix-ppc64": ["@esbuild/aix-ppc64@0.28.1", "https://europe-west4-npm.pkg.dev/lovable-core-prod/sandbox-npm-cache/@esbuild/aix-ppc64/-/aix-ppc64-0.28.1.tgz", { "os": "aix", "cpu": "ppc64" }, "sha512-Svl7tq8k/08+p6CXPpRjQ1fKX+1odH/BQbb48fV6fj3CWHhsoIOoY87w1oHXm0qEpkIK3ZfVgp0hed3XBXzXMQ=="],

    "@esbuild/android-arm": ["@esbuild/android-arm@0.28.1", "https://europe-west4-npm.pkg.dev/lovable-core-prod/sandbox-npm-cache/@esbuild/android-arm/-/android-arm-0.28.1.tgz", { "os": "android", "cpu": "arm" }, "sha512-0k2F129Xdio1TdJfzJ8sy1Q47vUD2NnwdhiAf7drUN1EBTfPf4hsFCtmMgu/6m8JSzsBrlmVjudMBQqOfG8usQ=="],

    "@esbuild/android-arm64": ["@esbuild/android-arm64@0.28.1", "https://europe-west4-npm.pkg.dev/lovable-core-prod/sandbox-npm-cache/@esbuild/android-arm64/-/android-arm64-0.28.1.tgz", { "os": "android", "cpu": "arm64" }, "sha512-34EGEbCIAgosYz6goLcopX6Mo7NyGv9tfwEM2/7Ce2VcVRk568iSvniGWcUXIy7wEDR1wzolcxcriFVrWYcwBg=="],

    "@esbuild/android-x64": ["@esbuild/android-x64@0.28.1", "https://europe-west4-npm.pkg.dev/lovable-core-prod/sandbox-npm-cache/@esbuild/android-x64/-/android-x64-0.28.1.tgz", { "os": "android", "cpu": "x64" }, "sha512-dbwY7ltSMDWsRatcRpCnES4F+im88OCUgGZjy52shC7GqHRE/cYlxNbB4Z4UpJswpcc4Qxd2oE/ufM0p61IKng=="],

    "@esbuild/darwin-arm64": ["@esbuild/darwin-arm64@0.28.1", "https://europe-west4-npm.pkg.dev/lovable-core-prod/sandbox-npm-cache/@esbuild/darwin-arm64/-/darwin-arm64-0.28.1.tgz", { "os": "darwin", "cpu": "arm64" }, "sha512-TZbWkQY7kvTAXbXUT7uVACR5cMHsDiSz9z7ZKAX/RTq/WJEk3QyRr0wZpNhBDX+/0CtdqUIJlOiodQcta6tY3Q=="],

    "@esbuild/darwin-x64": ["@esbuild/darwin-x64@0.28.1", "https://europe-west4-npm.pkg.dev/lovable-core-prod/sandbox-npm-cache/@esbuild/darwin-x64/-/darwin-x64-0.28.1.tgz", { "os": "darwin", "cpu": "x64" }, "sha512-zfdzgK9ACBNZLI/CyHTOx81SyNbM6YXn7rxSgX97VjyiPl9W1i4Ka4fgKECEoFCKGpvBj5qArWIGgQjOwkgskQ=="],

    "@esbuild/freebsd-arm64": ["@esbuild/freebsd-arm64@0.28.1", "https://europe-west4-npm.pkg.dev/lovable-core-prod/sandbox-npm-cache/@esbuild/freebsd-arm64/-/freebsd-arm64-0.28.1.tgz", { "os": "freebsd", "cpu": "arm64" }, "sha512-wG2EA8ENdEI0qhkSZMjfqrdY+ziCYCPMmtZjjIwOmXFjmyzEHn+UUxk5of+SYsjtfs3VpnlC7QLzSI5hY/rOAw=="],

    "@esbuild/freebsd-x64": ["@esbuild/freebsd-x64@0.28.1", "https://europe-west4-npm.pkg.dev/lovable-core-prod/sandbox-npm-cache/@esbuild/freebsd-x64/-/freebsd-x64-0.28.1.tgz", { "os": "freebsd", "cpu": "x64" }, "sha512-i7dZ9vQgnvSCzi/rYCXNgtF/U+eKZNJBzu3eTQbRgHnM7tNSizLOkRFAl3qzVc/Op/u5YkHHa4pf/3DOYHthLQ=="],

    "@esbuild/linux-arm": ["@esbuild/linux-arm@0.28.1", "https://europe-west4-npm.pkg.dev/lovable-core-prod/sandbox-npm-cache/@esbuild/linux-arm/-/linux-arm-0.28.1.tgz", { "os": "linux", "cpu": "arm" }, "sha512-qVXBOHQS+d5Y722GwJzJUtOLlX7km3CraOaGormF1pDtPd2C/l1SHRPgjLunLGe51Sh5YYWKMFDyV4SxgMQYTQ=="],

    "@esbuild/linux-arm64": ["@esbuild/linux-arm64@0.28.1", "https://europe-west4-npm.pkg.dev/lovable-core-prod/sandbox-npm-cache/@esbuild/linux-arm64/-/linux-arm64-0.28.1.tgz", { "os": "linux", "cpu": "arm64" }, "sha512-yHs+0uc8+nvEAfAfxrWQKK5peSNzBc4PegcMO0EJ2hT71uA7vB8Ihg2e77R2P7SG5uYjPbHlLLmve4LLLRCf0g=="],

    "@esbuild/linux-ia32": ["@esbuild/linux-ia32@0.28.1", "https://europe-west4-npm.pkg.dev/lovable-core-prod/sandbox-npm-cache/@esbuild/linux-ia32/-/linux-ia32-0.28.1.tgz", { "os": "linux", "cpu": "ia32" }, "sha512-d1z4ZuP0ajrfz/FhGT4vv278rX8KnPPJx8i5+AtK7TYbx9Le9F1hyzurZpkEyjkGa9dUGhQow4C1NmeGvqxN2w=="],

    "@esbuild/linux-loong64": ["@esbuild/linux-loong64@0.28.1", "https://europe-west4-npm.pkg.dev/lovable-core-prod/sandbox-npm-cache/@esbuild/linux-loong64/-/linux-loong64-0.28.1.tgz", { "os": "linux", "cpu": "none" }, "sha512-M5sRjUVZrkm1OAPR3dlOYzNmN+loZKGVi1VUQGrwuqLcbR6qeAz+famMhjASeH3YVKvZz+zT1jlh/keC3Rj/lg=="],

    "@esbuild/linux-mips64el": ["@esbuild/linux-mips64el@0.28.1", "https://europe-west4-npm.pkg.dev/lovable-core-prod/sandbox-npm-cache/@esbuild/linux-mips64el/-/linux-mips64el-0.28.1.tgz", { "os": "linux", "cpu": "none" }, "sha512-mRObBZeHh2OxcBFPWE/FjylkRgZdYuiTR3vaTozquCGOH14iP9oN4x4Ge81CoIDYQrXmIxpFumJBu5MtZpnQJQ=="],

    "@esbuild/linux-ppc64": ["@esbuild/linux-ppc64@0.28.1", "https://europe-west4-npm.pkg.dev/lovable-core-prod/sandbox-npm-cache/@esbuild/linux-ppc64/-/linux-ppc64-0.28.1.tgz", { "os": "linux", "cpu": "ppc64" }, "sha512-slScBsMAb3GFDcdrCgLwZtPYRoH2H/youv10QiZyRjmsP48fznoveWytSgCI/R0ZcUgpc0ZhIUEx6LHts8yrfQ=="],

    "@esbuild/linux-riscv64": ["@esbuild/linux-riscv64@0.28.1", "https://europe-west4-npm.pkg.dev/lovable-core-prod/sandbox-npm-cache/@esbuild/linux-riscv64/-/linux-riscv64-0.28.1.tgz", { "os": "linux", "cpu": "none" }, "sha512-kw0owk1o0GFETUJyW0jc0G4Yzs0BHZn0JDZ8JRT088vjJYX777BAs1fDGxAC+q831qOs2DTC96mNsG2opdfyyQ=="],

    "@esbuild/linux-s390x": ["@esbuild/linux-s390x@0.28.1", "https://europe-west4-npm.pkg.dev/lovable-core-prod/sandbox-npm-cache/@esbuild/linux-s390x/-/linux-s390x-0.28.1.tgz", { "os": "linux", "cpu": "s390x" }, "sha512-/lAIjX8aYFRByhh6L5rYtPEDRqa9de/4V/juOXcta5frjvzXO4/sqEtyytse0g3zZFuWu5cDN0MkLz2qRDD2Ag=="],

    "@esbuild/linux-x64": ["@esbuild/linux-x64@0.28.1", "https://europe-west4-npm.pkg.dev/lovable-core-prod/sandbox-npm-cache/@esbuild/linux-x64/-/linux-x64-0.28.1.tgz", { "os": "linux", "cpu": "x64" }, "sha512-u/anNYF2mmVOEDwLtnQ1wOr3EZ9sTNGLWrsYGYwHWzGA3Si84IOkHXlbWTD1NB+9/1lcnweYKO54uhxZydNzfA=="],

    "@esbuild/netbsd-arm64": ["@esbuild/netbsd-arm64@0.28.1", "https://europe-west4-npm.pkg.dev/lovable-core-prod/sandbox-npm-cache/@esbuild/netbsd-arm64/-/netbsd-arm64-0.28.1.tgz", { "os": "none", "cpu": "arm64" }, "sha512-oks0DYbLwWMmaakTsCb+zL4E+aHRVLom9IJZOAthMQEPiQmydXHkziYEsGYRx0uNV/IjEKGAV941JzH02pflqw=="],

    "@esbuild/netbsd-x64": ["@esbuild/netbsd-x64@0.28.1", "https://europe-west4-npm.pkg.dev/lovable-core-prod/sandbox-npm-cache/@esbuild/netbsd-x64/-/netbsd-x64-0.28.1.tgz", { "os": "none", "cpu": "x64" }, "sha512-aeL6lAnN89Hz43Mlh1G8ARasbuoYvSITDEx0tHh5b7jJnHcssqgjy9Yx430GDpmCa6OyrKoS0aNRjKundRizGg=="],

    "@esbuild/openbsd-arm64": ["@esbuild/openbsd-arm64@0.28.1", "https://europe-west4-npm.pkg.dev/lovable-core-prod/sandbox-npm-cache/@esbuild/openbsd-arm64/-/openbsd-arm64-0.28.1.tgz", { "os": "openbsd", "cpu": "arm64" }, "sha512-MEFJe5C3R8pwXdZ5Y21oo6m7ePiS0d9pWucn99O/wvyJZChoIQKrQDxKrGeW8F5+T0okTHesAmDeiHDTIq0V/Q=="],

    "@esbuild/openbsd-x64": ["@esbuild/openbsd-x64@0.28.1", "https://europe-west4-npm.pkg.dev/lovable-core-prod/sandbox-npm-cache/@esbuild/openbsd-x64/-/openbsd-x64-0.28.1.tgz", { "os": "openbsd", "cpu": "x64" }, "sha512-i/ZLIOafE0Z8cI/XANJAixoJL/uRAoS2xOA3rb0xN+KK0K177cMAsQYkzHtBrtMXAKuAc7HGgcWiZ/sRC1Nxgw=="],

    "@esbuild/openharmony-arm64": ["@esbuild/openharmony-arm64@0.28.1", "https://europe-west4-npm.pkg.dev/lovable-core-prod/sandbox-npm-cache/@esbuild/openharmony-arm64/-/openharmony-arm64-0.28.1.tgz", { "os": "none", "cpu": "arm64" }, "sha512-ge+Z7EXFNt2BO1oAMsVpiQ8EwndV9i1xXerAeTIK7AtPs3bKFXQM7nlRxDSIUIMeueR1CNXxqztLzdNeReKBJg=="],

    "@esbuild/sunos-x64": ["@esbuild/sunos-x64@0.28.1", "https://europe-west4-npm.pkg.dev/lovable-core-prod/sandbox-npm-cache/@esbuild/sunos-x64/-/sunos-x64-0.28.1.tgz", { "os": "sunos", "cpu": "x64" }, "sha512-BEjgtECkL3vY+SaSQ6nzVfiALUeFxpawyp8Jmf5PtYhf1Ug40N1h/hxlhts+f1FvSvarEigdxS3BlSMI2PJLcQ=="],

    "@esbuild/win32-arm64": ["@esbuild/win32-arm64@0.28.1", "https://europe-west4-npm.pkg.dev/lovable-core-prod/sandbox-npm-cache/@esbuild/win32-arm64/-/win32-arm64-0.28.1.tgz", { "os": "win32", "cpu": "arm64" }, "sha512-lCv9eK/H6ZJWbE7bh2nw54CZ9M2nupBxJcTsdk/QQnWkdSjKGuxmmH8/GWrlT1eMmZfn4dGcCjRte397WqfQXA=="],

    "@esbuild/win32-ia32": ["@esbuild/win32-ia32@0.28.1", "https://europe-west4-npm.pkg.dev/lovable-core-prod/sandbox-npm-cache/@esbuild/win32-ia32/-/win32-ia32-0.28.1.tgz", { "os": "win32", "cpu": "ia32" }, "sha512-zvb/mB2bSCoJOpoCBgYKKpX6YM6mJBlBUVUtVj41DlZJVEB6/0CKlRYxP5wWl1C1ILiCoAU5wZZ4q1P3qeS6Eg=="],

    "@esbuild/win32-x64": ["@esbuild/win32-x64@0.28.1", "https://europe-west4-npm.pkg.dev/lovable-core-prod/sandbox-npm-cache/@esbuild/win32-x64/-/win32-x64-0.28.1.tgz", { "os": "win32", "cpu": "x64" }, "sha512-bm4Mowrv+GXMlpWX++EcXw/iLyd1o3+bJkC2DkWXYVvgZCqD/bSj9ctZeAMC3cIxgjRVR2Dufaiu4YPxr5gW1A=="],

    "@formatjs/ecma402-abstract": ["@formatjs/ecma402-abstract@2.3.6", "https://europe-west4-npm.pkg.dev/lovable-core-prod/sandbox-npm-cache/@formatjs/ecma402-abstract/-/ecma402-abstract-2.3.6.tgz", { "dependencies": { "@formatjs/fast-memoize": "2.2.7", "@formatjs/intl-localematcher": "0.6.2", "decimal.js": "^10.4.3", "tslib": "^2.8.0" } }, "sha512-HJnTFeRM2kVFVr5gr5kH1XP6K0JcJtE7Lzvtr3FS/so5f1kpsqqqxy5JF+FRaO6H2qmcMfAUIox7AJteieRtVw=="],

    "@formatjs/fast-memoize": ["@formatjs/fast-memoize@2.2.7", "https://europe-west4-npm.pkg.dev/lovable-core-prod/sandbox-npm-cache/@formatjs/fast-memoize/-/fast-memoize-2.2.7.tgz", { "dependencies": { "tslib": "^2.8.0" } }, "sha512-Yabmi9nSvyOMrlSeGGWDiH7rf3a7sIwplbvo/dlz9WCIjzIQAfy1RMf4S0X3yG724n5Ghu2GmEl5NJIV6O9sZQ=="],

    "@formatjs/icu-messageformat-parser": ["@formatjs/icu-messageformat-parser@2.11.4", "https://europe-west4-npm.pkg.dev/lovable-core-prod/sandbox-npm-cache/@formatjs/icu-messageformat-parser/-/icu-messageformat-parser-2.11.4.tgz", { "dependencies": { "@formatjs/ecma402-abstract": "2.3.6", "@formatjs/icu-skeleton-parser": "1.8.16", "tslib": "^2.8.0" } }, "sha512-7kR78cRrPNB4fjGFZg3Rmj5aah8rQj9KPzuLsmcSn4ipLXQvC04keycTI1F7kJYDwIXtT2+7IDEto842CfZBtw=="],

    "@formatjs/icu-skeleton-parser": ["@formatjs/icu-skeleton-parser@1.8.16", "https://europe-west4-npm.pkg.dev/lovable-core-prod/sandbox-npm-cache/@formatjs/icu-skeleton-parser/-/icu-skeleton-parser-1.8.16.tgz", { "dependencies": { "@formatjs/ecma402-abstract": "2.3.6", "tslib": "^2.8.0" } }, "sha512-H13E9Xl+PxBd8D5/6TVUluSpxGNvFSlN/b3coUp0e0JpuWXXnQDiavIpY3NnvSp4xhEMoXyyBvVfdFX8jglOHQ=="],

    "@formatjs/intl-localematcher": ["@formatjs/intl-localematcher@0.5.10", "https://europe-west4-npm.pkg.dev/lovable-core-prod/sandbox-npm-cache/@formatjs/intl-localematcher/-/intl-localematcher-0.5.10.tgz", { "dependencies": { "tslib": "2" } }, "sha512-af3qATX+m4Rnd9+wHcjJ4w2ijq+rAVP3CCinJQvFv1kgSu1W6jypUmvleJxcewdxmutM8dmIRZFxO/IQBZmP2Q=="],

    "@img/colour": ["@img/colour@1.1.0", "https://europe-west4-npm.pkg.dev/lovable-core-prod/sandbox-npm-cache/@img/colour/-/colour-1.1.0.tgz", {}, "sha512-Td76q7j57o/tLVdgS746cYARfSyxk8iEfRxewL9h4OMzYhbW4TAcppl0mT4eyqXddh6L/jwoM75mo7ixa/pCeQ=="],

    "@img/sharp-darwin-arm64": ["@img/sharp-darwin-arm64@0.34.5", "https://europe-west4-npm.pkg.dev/lovable-core-prod/sandbox-npm-cache/@img/sharp-darwin-arm64/-/sharp-darwin-arm64-0.34.5.tgz", { "optionalDependencies": { "@img/sharp-libvips-darwin-arm64": "1.2.4" }, "os": "darwin", "cpu": "arm64" }, "sha512-imtQ3WMJXbMY4fxb/Ndp6HBTNVtWCUI0WdobyheGf5+ad6xX8VIDO8u2xE4qc/fr08CKG/7dDseFtn6M6g/r3w=="],

    "@img/sharp-darwin-x64": ["@img/sharp-darwin-x64@0.34.5", "https://europe-west4-npm.pkg.dev/lovable-core-prod/sandbox-npm-cache/@img/sharp-darwin-x64/-/sharp-darwin-x64-0.34.5.tgz", { "optionalDependencies": { "@img/sharp-libvips-darwin-x64": "1.2.4" }, "os": "darwin", "cpu": "x64" }, "sha512-YNEFAF/4KQ/PeW0N+r+aVVsoIY0/qxxikF2SWdp+NRkmMB7y9LBZAVqQ4yhGCm/H3H270OSykqmQMKLBhBJDEw=="],

    "@img/sharp-libvips-darwin-arm64": ["@img/sharp-libvips-darwin-arm64@1.2.4", "https://europe-west4-npm.pkg.dev/lovable-core-prod/sandbox-npm-cache/@img/sharp-libvips-darwin-arm64/-/sharp-libvips-darwin-arm64-1.2.4.tgz", { "os": "darwin", "cpu": "arm64" }, "sha512-zqjjo7RatFfFoP0MkQ51jfuFZBnVE2pRiaydKJ1G/rHZvnsrHAOcQALIi9sA5co5xenQdTugCvtb1cuf78Vf4g=="],

    "@img/sharp-libvips-darwin-x64": ["@img/sharp-libvips-darwin-x64@1.2.4", "https://europe-west4-npm.pkg.dev/lovable-core-prod/sandbox-npm-cache/@img/sharp-libvips-darwin-x64/-/sharp-libvips-darwin-x64-1.2.4.tgz", { "os": "darwin", "cpu": "x64" }, "sha512-1IOd5xfVhlGwX+zXv2N93k0yMONvUlANylbJw1eTah8K/Jtpi15KC+WSiaX/nBmbm2HxRM1gZ0nSdjSsrZbGKg=="],

    "@img/sharp-libvips-linux-arm": ["@img/sharp-libvips-linux-arm@1.2.4", "https://europe-west4-npm.pkg.dev/lovable-core-prod/sandbox-npm-cache/@img/sharp-libvips-linux-arm/-/sharp-libvips-linux-arm-1.2.4.tgz", { "os": "linux", "cpu": "arm" }, "sha512-bFI7xcKFELdiNCVov8e44Ia4u2byA+l3XtsAj+Q8tfCwO6BQ8iDojYdvoPMqsKDkuoOo+X6HZA0s0q11ANMQ8A=="],

    "@img/sharp-libvips-linux-arm64": ["@img/sharp-libvips-linux-arm64@1.2.4", "https://europe-west4-npm.pkg.dev/lovable-core-prod/sandbox-npm-cache/@img/sharp-libvips-linux-arm64/-/sharp-libvips-linux-arm64-1.2.4.tgz", { "os": "linux", "cpu": "arm64" }, "sha512-excjX8DfsIcJ10x1Kzr4RcWe1edC9PquDRRPx3YVCvQv+U5p7Yin2s32ftzikXojb1PIFc/9Mt28/y+iRklkrw=="],

    "@img/sharp-libvips-linux-ppc64": ["@img/sharp-libvips-linux-ppc64@1.2.4", "https://europe-west4-npm.pkg.dev/lovable-core-prod/sandbox-npm-cache/@img/sharp-libvips-linux-ppc64/-/sharp-libvips-linux-ppc64-1.2.4.tgz", { "os": "linux", "cpu": "ppc64" }, "sha512-FMuvGijLDYG6lW+b/UvyilUWu5Ayu+3r2d1S8notiGCIyYU/76eig1UfMmkZ7vwgOrzKzlQbFSuQfgm7GYUPpA=="],

    "@img/sharp-libvips-linux-riscv64": ["@img/sharp-libvips-linux-riscv64@1.2.4", "https://europe-west4-npm.pkg.dev/lovable-core-prod/sandbox-npm-cache/@img/sharp-libvips-linux-riscv64/-/sharp-libvips-linux-riscv64-1.2.4.tgz", { "os": "linux", "cpu": "none" }, "sha512-oVDbcR4zUC0ce82teubSm+x6ETixtKZBh/qbREIOcI3cULzDyb18Sr/Wcyx7NRQeQzOiHTNbZFF1UwPS2scyGA=="],

    "@img/sharp-libvips-linux-s390x": ["@img/sharp-libvips-linux-s390x@1.2.4", "https://europe-west4-npm.pkg.dev/lovable-core-prod/sandbox-npm-cache/@img/sharp-libvips-linux-s390x/-/sharp-libvips-linux-s390x-1.2.4.tgz", { "os": "linux", "cpu": "s390x" }, "sha512-qmp9VrzgPgMoGZyPvrQHqk02uyjA0/QrTO26Tqk6l4ZV0MPWIW6LTkqOIov+J1yEu7MbFQaDpwdwJKhbJvuRxQ=="],

    "@img/sharp-libvips-linux-x64": ["@img/sharp-libvips-linux-x64@1.2.4", "https://europe-west4-npm.pkg.dev/lovable-core-prod/sandbox-npm-cache/@img/sharp-libvips-linux-x64/-/sharp-libvips-linux-x64-1.2.4.tgz", { "os": "linux", "cpu": "x64" }, "sha512-tJxiiLsmHc9Ax1bz3oaOYBURTXGIRDODBqhveVHonrHJ9/+k89qbLl0bcJns+e4t4rvaNBxaEZsFtSfAdquPrw=="],

    "@img/sharp-libvips-linuxmusl-arm64": ["@img/sharp-libvips-linuxmusl-arm64@1.2.4", "https://europe-west4-npm.pkg.dev/lovable-core-prod/sandbox-npm-cache/@img/sharp-libvips-linuxmusl-arm64/-/sharp-libvips-linuxmusl-arm64-1.2.4.tgz", { "os": "linux", "cpu": "arm64" }, "sha512-FVQHuwx1IIuNow9QAbYUzJ+En8KcVm9Lk5+uGUQJHaZmMECZmOlix9HnH7n1TRkXMS0pGxIJokIVB9SuqZGGXw=="],

    "@img/sharp-libvips-linuxmusl-x64": ["@img/sharp-libvips-linuxmusl-x64@1.2.4", "https://europe-west4-npm.pkg.dev/lovable-core-prod/sandbox-npm-cache/@img/sharp-libvips-linuxmusl-x64/-/sharp-libvips-linuxmusl-x64-1.2.4.tgz", { "os": "linux", "cpu": "x64" }, "sha512-+LpyBk7L44ZIXwz/VYfglaX/okxezESc6UxDSoyo2Ks6Jxc4Y7sGjpgU9s4PMgqgjj1gZCylTieNamqA1MF7Dg=="],

    "@img/sharp-linux-arm": ["@img/sharp-linux-arm@0.34.5", "https://europe-west4-npm.pkg.dev/lovable-core-prod/sandbox-npm-cache/@img/sharp-linux-arm/-/sharp-linux-arm-0.34.5.tgz", { "optionalDependencies": { "@img/sharp-libvips-linux-arm": "1.2.4" }, "os": "linux", "cpu": "arm" }, "sha512-9dLqsvwtg1uuXBGZKsxem9595+ujv0sJ6Vi8wcTANSFpwV/GONat5eCkzQo/1O6zRIkh0m/8+5BjrRr7jDUSZw=="],

    "@img/sharp-linux-arm64": ["@img/sharp-linux-arm64@0.34.5", "https://europe-west4-npm.pkg.dev/lovable-core-prod/sandbox-npm-cache/@img/sharp-linux-arm64/-/sharp-linux-arm64-0.34.5.tgz", { "optionalDependencies": { "@img/sharp-libvips-linux-arm64": "1.2.4" }, "os": "linux", "cpu": "arm64" }, "sha512-bKQzaJRY/bkPOXyKx5EVup7qkaojECG6NLYswgktOZjaXecSAeCWiZwwiFf3/Y+O1HrauiE3FVsGxFg8c24rZg=="],

    "@img/sharp-linux-ppc64": ["@img/sharp-linux-ppc64@0.34.5", "https://europe-west4-npm.pkg.dev/lovable-core-prod/sandbox-npm-cache/@img/sharp-linux-ppc64/-/sharp-linux-ppc64-0.34.5.tgz", { "optionalDependencies": { "@img/sharp-libvips-linux-ppc64": "1.2.4" }, "os": "linux", "cpu": "ppc64" }, "sha512-7zznwNaqW6YtsfrGGDA6BRkISKAAE1Jo0QdpNYXNMHu2+0dTrPflTLNkpc8l7MUP5M16ZJcUvysVWWrMefZquA=="],

    "@img/sharp-linux-riscv64": ["@img/sharp-linux-riscv64@0.34.5", "https://europe-west4-npm.pkg.dev/lovable-core-prod/sandbox-npm-cache/@img/sharp-linux-riscv64/-/sharp-linux-riscv64-0.34.5.tgz", { "optionalDependencies": { "@img/sharp-libvips-linux-riscv64": "1.2.4" }, "os": "linux", "cpu": "none" }, "sha512-51gJuLPTKa7piYPaVs8GmByo7/U7/7TZOq+cnXJIHZKavIRHAP77e3N2HEl3dgiqdD/w0yUfiJnII77PuDDFdw=="],

    "@img/sharp-linux-s390x": ["@img/sharp-linux-s390x@0.34.5", "https://europe-west4-npm.pkg.dev/lovable-core-prod/sandbox-npm-cache/@img/sharp-linux-s390x/-/sharp-linux-s390x-0.34.5.tgz", { "optionalDependencies": { "@img/sharp-libvips-linux-s390x": "1.2.4" }, "os": "linux", "cpu": "s390x" }, "sha512-nQtCk0PdKfho3eC5MrbQoigJ2gd1CgddUMkabUj+rBevs8tZ2cULOx46E7oyX+04WGfABgIwmMC0VqieTiR4jg=="],

    "@img/sharp-linux-x64": ["@img/sharp-linux-x64@0.34.5", "https://europe-west4-npm.pkg.dev/lovable-core-prod/sandbox-npm-cache/@img/sharp-linux-x64/-/sharp-linux-x64-0.34.5.tgz", { "optionalDependencies": { "@img/sharp-libvips-linux-x64": "1.2.4" }, "os": "linux", "cpu": "x64" }, "sha512-MEzd8HPKxVxVenwAa+JRPwEC7QFjoPWuS5NZnBt6B3pu7EG2Ge0id1oLHZpPJdn3OQK+BQDiw9zStiHBTJQQQQ=="],

    "@img/sharp-linuxmusl-arm64": ["@img/sharp-linuxmusl-arm64@0.34.5", "https://europe-west4-npm.pkg.dev/lovable-core-prod/sandbox-npm-cache/@img/sharp-linuxmusl-arm64/-/sharp-linuxmusl-arm64-0.34.5.tgz", { "optionalDependencies": { "@img/sharp-libvips-linuxmusl-arm64": "1.2.4" }, "os": "linux", "cpu": "arm64" }, "sha512-fprJR6GtRsMt6Kyfq44IsChVZeGN97gTD331weR1ex1c1rypDEABN6Tm2xa1wE6lYb5DdEnk03NZPqA7Id21yg=="],

    "@img/sharp-linuxmusl-x64": ["@img/sharp-linuxmusl-x64@0.34.5", "https://europe-west4-npm.pkg.dev/lovable-core-prod/sandbox-npm-cache/@img/sharp-linuxmusl-x64/-/sharp-linuxmusl-x64-0.34.5.tgz", { "optionalDependencies": { "@img/sharp-libvips-linuxmusl-x64": "1.2.4" }, "os": "linux", "cpu": "x64" }, "sha512-Jg8wNT1MUzIvhBFxViqrEhWDGzqymo3sV7z7ZsaWbZNDLXRJZoRGrjulp60YYtV4wfY8VIKcWidjojlLcWrd8Q=="],

    "@img/sharp-wasm32": ["@img/sharp-wasm32@0.34.5", "https://europe-west4-npm.pkg.dev/lovable-core-prod/sandbox-npm-cache/@img/sharp-wasm32/-/sharp-wasm32-0.34.5.tgz", { "dependencies": { "@emnapi/runtime": "^1.7.0" }, "cpu": "none" }, "sha512-OdWTEiVkY2PHwqkbBI8frFxQQFekHaSSkUIJkwzclWZe64O1X4UlUjqqqLaPbUpMOQk6FBu/HtlGXNblIs0huw=="],

    "@img/sharp-win32-arm64": ["@img/sharp-win32-arm64@0.34.5", "https://europe-west4-npm.pkg.dev/lovable-core-prod/sandbox-npm-cache/@img/sharp-win32-arm64/-/sharp-win32-arm64-0.34.5.tgz", { "os": "win32", "cpu": "arm64" }, "sha512-WQ3AgWCWYSb2yt+IG8mnC6Jdk9Whs7O0gxphblsLvdhSpSTtmu69ZG1Gkb6NuvxsNACwiPV6cNSZNzt0KPsw7g=="],

    "@img/sharp-win32-ia32": ["@img/sharp-win32-ia32@0.34.5", "https://europe-west4-npm.pkg.dev/lovable-core-prod/sandbox-npm-cache/@img/sharp-win32-ia32/-/sharp-win32-ia32-0.34.5.tgz", { "os": "win32", "cpu": "ia32" }, "sha512-FV9m/7NmeCmSHDD5j4+4pNI8Cp3aW+JvLoXcTUo0IqyjSfAZJ8dIUmijx1qaJsIiU+Hosw6xM5KijAWRJCSgNg=="],

    "@img/sharp-win32-x64": ["@img/sharp-win32-x64@0.34.5", "https://europe-west4-npm.pkg.dev/lovable-core-prod/sandbox-npm-cache/@img/sharp-win32-x64/-/sharp-win32-x64-0.34.5.tgz", { "os": "win32", "cpu": "x64" }, "sha512-+29YMsqY2/9eFEiW93eqWnuLcWcufowXewwSNIT6UwZdUUCrM3oFjMWH/Z6/TMmb4hlFenmfAVbpWeup2jryCw=="],

    "@ioredis/commands": ["@ioredis/commands@1.10.0", "https://europe-west4-npm.pkg.dev/lovable-core-prod/sandbox-npm-cache/@ioredis/commands/-/commands-1.10.0.tgz", {}, "sha512-UmeW7z4LfctwoQ5wkhVzgq8tXkreED2xZGpX+Bg+zA+WJFZCT6c062AfCK/Dfk81xZnnwdhJCUMkitihRaoC2Q=="],

    "@next/env": ["@next/env@15.5.19", "https://europe-west4-npm.pkg.dev/lovable-core-prod/sandbox-npm-cache/@next/env/-/env-15.5.19.tgz", {}, "sha512-sWWluFvcv5v3Fxznmf2ZfjyoVQt/64oCnYqS90inQWGzMPK1VjvekPiz3OPHKmFT30EnHrjlbyaHLt3M0vWabw=="],

    "@next/swc-darwin-arm64": ["@next/swc-darwin-arm64@15.5.19", "https://europe-west4-npm.pkg.dev/lovable-core-prod/sandbox-npm-cache/@next/swc-darwin-arm64/-/swc-darwin-arm64-15.5.19.tgz", { "os": "darwin", "cpu": "arm64" }, "sha512-jx9wWlTKueHKPvVOndyr7WuaevWCkuYqsQ8gC0TMPKAVWG3MhcdMrjfo9tvIZNXd0QOUYXXvAcZ325y8Uq7uzg=="],

    "@next/swc-darwin-x64": ["@next/swc-darwin-x64@15.5.19", "https://europe-west4-npm.pkg.dev/lovable-core-prod/sandbox-npm-cache/@next/swc-darwin-x64/-/swc-darwin-x64-15.5.19.tgz", { "os": "darwin", "cpu": "x64" }, "sha512-291KFcsIQ3OenRdiUDFOR6W3wezzH4auENXm1gbm1Bjd4ANMMRgxPrWTUztQN43BnVoVuMnHCrLeECIMwgFKbA=="],

    "@next/swc-linux-arm64-gnu": ["@next/swc-linux-arm64-gnu@15.5.19", "https://europe-west4-npm.pkg.dev/lovable-core-prod/sandbox-npm-cache/@next/swc-linux-arm64-gnu/-/swc-linux-arm64-gnu-15.5.19.tgz", { "os": "linux", "cpu": "arm64" }, "sha512-WeH+nelQyyMeE2f8FxBRZNrGipya5zHZV2vjzfCOAYyiI6am+NbnWAAldOBFQBB2w0DjJcsvrKqoFT2b7+5YoA=="],

    "@next/swc-linux-arm64-musl": ["@next/swc-linux-arm64-musl@15.5.19", "https://europe-west4-npm.pkg.dev/lovable-core-prod/sandbox-npm-cache/@next/swc-linux-arm64-musl/-/swc-linux-arm64-musl-15.5.19.tgz", { "os": "linux", "cpu": "arm64" }, "sha512-5xTOE0lDlDCSSfp+BAif7j17VRRCjWp//ZPZy6NI0QpdrhxtQnsZguSx0xAAZ0c9XZLrLLwCe/XVe5YPrRilKw=="],

    "@next/swc-linux-x64-gnu": ["@next/swc-linux-x64-gnu@15.5.19", "https://europe-west4-npm.pkg.dev/lovable-core-prod/sandbox-npm-cache/@next/swc-linux-x64-gnu/-/swc-linux-x64-gnu-15.5.19.tgz", { "os": "linux", "cpu": "x64" }, "sha512-LTxRmMgqqMv05Had879W00Fm53quiJd3Zuz8h1JSNJ3nGSlbZ/7Tjs1tKyScgN3Au3t3MyPsjPlq60fMmSHLsg=="],

    "@next/swc-linux-x64-musl": ["@next/swc-linux-x64-musl@15.5.19", "https://europe-west4-npm.pkg.dev/lovable-core-prod/sandbox-npm-cache/@next/swc-linux-x64-musl/-/swc-linux-x64-musl-15.5.19.tgz", { "os": "linux", "cpu": "x64" }, "sha512-eoNQSpA5PQfB9wBO4RA47MTDXWz1fizy9Y3Z6e4DetYIF3dvjuu8sj7aIGn/bFCU6lnFzTK34NtCaffP4NsQ7Q=="],

    "@next/swc-win32-arm64-msvc": ["@next/swc-win32-arm64-msvc@15.5.19", "https://europe-west4-npm.pkg.dev/lovable-core-prod/sandbox-npm-cache/@next/swc-win32-arm64-msvc/-/swc-win32-arm64-msvc-15.5.19.tgz", { "os": "win32", "cpu": "arm64" }, "sha512-6UNt2dFuCHOe446sm/Kp69nUe8/wIhnh9bm6Xcqw4qEWCOppLMOvhTBVgvM7invVUNr4SPpP6NOQsACtn2IN9Q=="],

    "@next/swc-win32-x64-msvc": ["@next/swc-win32-x64-msvc@15.5.19", "https://europe-west4-npm.pkg.dev/lovable-core-prod/sandbox-npm-cache/@next/swc-win32-x64-msvc/-/swc-win32-x64-msvc-15.5.19.tgz", { "os": "win32", "cpu": "x64" }, "sha512-PhmojAHyqMne56HBLGu9dhDnHPuFmEjrXSQMM/nW0J6j849lk3ESrVtqNJcCk8CKOV7brpTTbaYAjwKPzKM69w=="],

    "@prisma/client": ["@prisma/client@5.22.0", "https://europe-west4-npm.pkg.dev/lovable-core-prod/sandbox-npm-cache/@prisma/client/-/client-5.22.0.tgz", { "peerDependencies": { "prisma": "*" }, "optionalPeers": ["prisma"] }, "sha512-M0SVXfyHnQREBKxCgyo7sffrKttwE6R8PMq330MIUF0pTwjUhLbW84pFDlf06B27XyCR++VtjugEnIHdr07SVA=="],

    "@prisma/debug": ["@prisma/debug@5.22.0", "https://europe-west4-npm.pkg.dev/lovable-core-prod/sandbox-npm-cache/@prisma/debug/-/debug-5.22.0.tgz", {}, "sha512-AUt44v3YJeggO2ZU5BkXI7M4hu9BF2zzH2iF2V5pyXT/lRTyWiElZ7It+bRH1EshoMRxHgpYg4VB6rCM+mG5jQ=="],

    "@prisma/engines": ["@prisma/engines@5.22.0", "https://europe-west4-npm.pkg.dev/lovable-core-prod/sandbox-npm-cache/@prisma/engines/-/engines-5.22.0.tgz", { "dependencies": { "@prisma/debug": "5.22.0", "@prisma/engines-version": "5.22.0-44.605197351a3c8bdd595af2d2a9bc3025bca48ea2", "@prisma/fetch-engine": "5.22.0", "@prisma/get-platform": "5.22.0" } }, "sha512-UNjfslWhAt06kVL3CjkuYpHAWSO6L4kDCVPegV6itt7nD1kSJavd3vhgAEhjglLJJKEdJ7oIqDJ+yHk6qO8gPA=="],

    "@prisma/engines-version": ["@prisma/engines-version@5.22.0-44.605197351a3c8bdd595af2d2a9bc3025bca48ea2", "https://europe-west4-npm.pkg.dev/lovable-core-prod/sandbox-npm-cache/@prisma/engines-version/-/engines-version-5.22.0-44.605197351a3c8bdd595af2d2a9bc3025bca48ea2.tgz", {}, "sha512-2PTmxFR2yHW/eB3uqWtcgRcgAbG1rwG9ZriSvQw+nnb7c4uCr3RAcGMb6/zfE88SKlC1Nj2ziUvc96Z379mHgQ=="],

    "@prisma/fetch-engine": ["@prisma/fetch-engine@5.22.0", "https://europe-west4-npm.pkg.dev/lovable-core-prod/sandbox-npm-cache/@prisma/fetch-engine/-/fetch-engine-5.22.0.tgz", { "dependencies": { "@prisma/debug": "5.22.0", "@prisma/engines-version": "5.22.0-44.605197351a3c8bdd595af2d2a9bc3025bca48ea2", "@prisma/get-platform": "5.22.0" } }, "sha512-bkrD/Mc2fSvkQBV5EpoFcZ87AvOgDxbG99488a5cexp5Ccny+UM6MAe/UFkUC0wLYD9+9befNOqGiIJhhq+HbA=="],

    "@prisma/get-platform": ["@prisma/get-platform@5.22.0", "https://europe-west4-npm.pkg.dev/lovable-core-prod/sandbox-npm-cache/@prisma/get-platform/-/get-platform-5.22.0.tgz", { "dependencies": { "@prisma/debug": "5.22.0" } }, "sha512-pHhpQdr1UPFpt+zFfnPazhulaZYCUqeIcPpJViYoq9R+D/yw4fjE+CtnsnKzPYm0ddUbeXUzjGVGIRVgPDCk4Q=="],

    "@swc/helpers": ["@swc/helpers@0.5.15", "https://europe-west4-npm.pkg.dev/lovable-core-prod/sandbox-npm-cache/@swc/helpers/-/helpers-0.5.15.tgz", { "dependencies": { "tslib": "^2.8.0" } }, "sha512-JQ5TuMi45Owi4/BIMAJBoSQoOJu12oOk/gADqlcUL9JEdHB8vyjUSsxqeNXnmXHjYKMi2WcYtezGEEhqUI/E2g=="],

    "@types/bcryptjs": ["@types/bcryptjs@3.0.0", "https://europe-west4-npm.pkg.dev/lovable-core-prod/sandbox-npm-cache/@types/bcryptjs/-/bcryptjs-3.0.0.tgz", { "dependencies": { "bcryptjs": "*" } }, "sha512-WRZOuCuaz8UcZZE4R5HXTco2goQSI2XxjGY3hbM/xDvwmqFWd4ivooImsMx65OKM6CtNKbnZ5YL+YwAwK7c1dg=="],

    "@types/node": ["@types/node@22.19.21", "https://europe-west4-npm.pkg.dev/lovable-core-prod/sandbox-npm-cache/@types/node/-/node-22.19.21.tgz", { "dependencies": { "undici-types": "~6.21.0" } }, "sha512-VMeFBSCKQKmm2swI2kW51SFusDqekC6q9trBCvJ/JliDchFSuoYYKN7yVNjPthP1HKZcx3U1gI/wTcEBjEFKTA=="],

    "@types/node-cron": ["@types/node-cron@3.0.11", "https://europe-west4-npm.pkg.dev/lovable-core-prod/sandbox-npm-cache/@types/node-cron/-/node-cron-3.0.11.tgz", {}, "sha512-0ikrnug3/IyneSHqCBeslAhlK2aBfYek1fGo4bP4QnZPmiqSGRK+Oy7ZMisLWkesffJvQ1cqAcBnJC+8+nxIAg=="],

    "@types/react": ["@types/react@19.2.17", "https://europe-west4-npm.pkg.dev/lovable-core-prod/sandbox-npm-cache/@types/react/-/react-19.2.17.tgz", { "dependencies": { "csstype": "^3.2.2" } }, "sha512-MXfmqaVPEVgkBT/aY0aGCkRWWtByiYQXo3xdQ8r5RzuFrPiRn8Gar2tQdXSUQ2GKV3bkXckek89V8wQBY2Q/Aw=="],

    "@types/react-dom": ["@types/react-dom@19.2.3", "https://europe-west4-npm.pkg.dev/lovable-core-prod/sandbox-npm-cache/@types/react-dom/-/react-dom-19.2.3.tgz", { "peerDependencies": { "@types/react": "^19.2.0" } }, "sha512-jp2L/eY6fn+KgVVQAOqYItbF0VY/YApe5Mz2F0aykSO8gx31bYCZyvSeYxCHKvzHG5eZjc+zyaS5BrBWya2+kQ=="],

    "bcryptjs": ["bcryptjs@3.0.3", "https://europe-west4-npm.pkg.dev/lovable-core-prod/sandbox-npm-cache/bcryptjs/-/bcryptjs-3.0.3.tgz", { "bin": { "bcrypt": "bin/bcrypt" } }, "sha512-GlF5wPWnSa/X5LKM1o0wz0suXIINz1iHRLvTS+sLyi7XPbe5ycmYI3DlZqVGZZtDgl4DmasFg7gOB3JYbphV5g=="],

    "caniuse-lite": ["caniuse-lite@1.0.30001799", "https://europe-west4-npm.pkg.dev/lovable-core-prod/sandbox-npm-cache/caniuse-lite/-/caniuse-lite-1.0.30001799.tgz", {}, "sha512-hG1bReV+OUU+MOqK4t/ZWI0tZOyz3rqS9XuhOUz1cIcbwBKjOyJEJuw9ER5JuNyqxNk8u/JUVbGibBOL1yrjFw=="],

    "client-only": ["client-only@0.0.1", "https://europe-west4-npm.pkg.dev/lovable-core-prod/sandbox-npm-cache/client-only/-/client-only-0.0.1.tgz", {}, "sha512-IV3Ou0jSMzZrd3pZ48nLkT9DA7Ag1pnPzaiQhpW7c3RbcqqzvzzVu+L8gfqMp/8IM2MQtSiqaCxrrcfu8I8rMA=="],

    "cluster-key-slot": ["cluster-key-slot@1.1.1", "https://europe-west4-npm.pkg.dev/lovable-core-prod/sandbox-npm-cache/cluster-key-slot/-/cluster-key-slot-1.1.1.tgz", {}, "sha512-rwHwUfXL40Chm1r08yrhU3qpUvdVlgkKNeyeGPOxnW8/SyVDvgRaed/Uz54AqWNaTCAThlj6QAs3TZcKI0xDEw=="],

    "csstype": ["csstype@3.2.3", "https://europe-west4-npm.pkg.dev/lovable-core-prod/sandbox-npm-cache/csstype/-/csstype-3.2.3.tgz", {}, "sha512-z1HGKcYy2xA8AGQfwrn0PAy+PB7X/GSj3UVJW9qKyn43xWa+gl5nXmU4qqLMRzWVLFC8KusUX8T/0kCiOYpAIQ=="],

    "debug": ["debug@4.4.3", "https://europe-west4-npm.pkg.dev/lovable-core-prod/sandbox-npm-cache/debug/-/debug-4.4.3.tgz", { "dependencies": { "ms": "^2.1.3" } }, "sha512-RGwwWnwQvkVfavKVt22FGLw+xYSdzARwm0ru6DhTVA3umU5hZc28V3kO4stgYryrTlLpuvgI9GiijltAjNbcqA=="],

    "decimal.js": ["decimal.js@10.6.0", "https://europe-west4-npm.pkg.dev/lovable-core-prod/sandbox-npm-cache/decimal.js/-/decimal.js-10.6.0.tgz", {}, "sha512-YpgQiITW3JXGntzdUmyUR1V812Hn8T1YVXhCu+wO3OpS4eU9l4YdD3qjyiKdV6mvV29zapkMeD390UVEf2lkUg=="],

    "denque": ["denque@2.1.0", "https://europe-west4-npm.pkg.dev/lovable-core-prod/sandbox-npm-cache/denque/-/denque-2.1.0.tgz", {}, "sha512-HVQE3AAb/pxF8fQAoiqpvg9i3evqug3hoiwakOyZAwJm+6vZehbkYXZ0l4JxS+I3QxM97v5aaRNhj8v5oBhekw=="],

    "detect-libc": ["detect-libc@2.1.2", "https://europe-west4-npm.pkg.dev/lovable-core-prod/sandbox-npm-cache/detect-libc/-/detect-libc-2.1.2.tgz", {}, "sha512-Btj2BOOO83o3WyH59e8MgXsxEQVcarkUOpEYrubB0urwnN10yQ364rsiByU11nZlqWYZm05i/of7io4mzihBtQ=="],

    "esbuild": ["esbuild@0.28.1", "https://europe-west4-npm.pkg.dev/lovable-core-prod/sandbox-npm-cache/esbuild/-/esbuild-0.28.1.tgz", { "optionalDependencies": { "@esbuild/aix-ppc64": "0.28.1", "@esbuild/android-arm": "0.28.1", "@esbuild/android-arm64": "0.28.1", "@esbuild/android-x64": "0.28.1", "@esbuild/darwin-arm64": "0.28.1", "@esbuild/darwin-x64": "0.28.1", "@esbuild/freebsd-arm64": "0.28.1", "@esbuild/freebsd-x64": "0.28.1", "@esbuild/linux-arm": "0.28.1", "@esbuild/linux-arm64": "0.28.1", "@esbuild/linux-ia32": "0.28.1", "@esbuild/linux-loong64": "0.28.1", "@esbuild/linux-mips64el": "0.28.1", "@esbuild/linux-ppc64": "0.28.1", "@esbuild/linux-riscv64": "0.28.1", "@esbuild/linux-s390x": "0.28.1", "@esbuild/linux-x64": "0.28.1", "@esbuild/netbsd-arm64": "0.28.1", "@esbuild/netbsd-x64": "0.28.1", "@esbuild/openbsd-arm64": "0.28.1", "@esbuild/openbsd-x64": "0.28.1", "@esbuild/openharmony-arm64": "0.28.1", "@esbuild/sunos-x64": "0.28.1", "@esbuild/win32-arm64": "0.28.1", "@esbuild/win32-ia32": "0.28.1", "@esbuild/win32-x64": "0.28.1" }, "bin": { "esbuild": "bin/esbuild" } }, "sha512-HrJrvZv5ayxBzPfwphOoNzkzOIIlifzk0KJrGK2c8R4+LKpMtpYLQeUdjnwjWv/LZlkH2laZk+4w78pi99D4Vw=="],

    "fsevents": ["fsevents@2.3.3", "https://europe-west4-npm.pkg.dev/lovable-core-prod/sandbox-npm-cache/fsevents/-/fsevents-2.3.3.tgz", { "os": "darwin" }, "sha512-5xoDfX+fL7faATnagmWPpbFtwh/R77WmMMqqHGS65C3vvB0YHrgF+B1YmZ3441tMj5n63k0212XNoJwzlhffQw=="],

    "intl-messageformat": ["intl-messageformat@10.7.18", "https://europe-west4-npm.pkg.dev/lovable-core-prod/sandbox-npm-cache/intl-messageformat/-/intl-messageformat-10.7.18.tgz", { "dependencies": { "@formatjs/ecma402-abstract": "2.3.6", "@formatjs/fast-memoize": "2.2.7", "@formatjs/icu-messageformat-parser": "2.11.4", "tslib": "^2.8.0" } }, "sha512-m3Ofv/X/tV8Y3tHXLohcuVuhWKo7BBq62cqY15etqmLxg2DZ34AGGgQDeR+SCta2+zICb1NX83af0GJmbQ1++g=="],

    "ioredis": ["ioredis@5.11.1", "https://europe-west4-npm.pkg.dev/lovable-core-prod/sandbox-npm-cache/ioredis/-/ioredis-5.11.1.tgz", { "dependencies": { "@ioredis/commands": "1.10.0", "cluster-key-slot": "1.1.1", "debug": "4.4.3", "denque": "2.1.0", "redis-errors": "1.2.0", "redis-parser": "3.0.0", "standard-as-callback": "2.1.0" } }, "sha512-ehuGcf94bQXhfagULNXrJdfnWO38v070jxSx/qE87Kjzmu2fU7ro5EFAb+OPituLqgfyuQaym5DlrNydW2sJ9A=="],

    "jose": ["jose@6.2.3", "https://europe-west4-npm.pkg.dev/lovable-core-prod/sandbox-npm-cache/jose/-/jose-6.2.3.tgz", {}, "sha512-YYVDInQKFJfR/xa3ojUTl8c2KoTwiL1R5Wg9YCydwH0x0B9grbzlg5HC7mMjCtUJjbQ/YnGEZIhI5tCgfTb4Hw=="],

    "ms": ["ms@2.1.3", "https://europe-west4-npm.pkg.dev/lovable-core-prod/sandbox-npm-cache/ms/-/ms-2.1.3.tgz", {}, "sha512-6FlzubTLZG3J2a/NVCAleEhjzq5oxgHyaCU9yYXvcLsvoVaHJq/s5xXI6/XXP6tz7R9xAOtHnSO/tXtF3WRTlA=="],

    "nanoid": ["nanoid@3.3.12", "https://europe-west4-npm.pkg.dev/lovable-core-prod/sandbox-npm-cache/nanoid/-/nanoid-3.3.12.tgz", { "bin": { "nanoid": "bin/nanoid.cjs" } }, "sha512-ZB9RH/39qpq5Vu6Y+NmUaFhQR6pp+M2Xt76XBnEwDaGcVAqhlvxrl3B2bKS5D3NH3QR76v3aSrKaF/Kiy7lEtQ=="],

    "negotiator": ["negotiator@1.0.0", "https://europe-west4-npm.pkg.dev/lovable-core-prod/sandbox-npm-cache/negotiator/-/negotiator-1.0.0.tgz", {}, "sha512-8Ofs/AUQh8MaEcrlq5xOX0CQ9ypTF5dl78mjlMNfOK08fzpgTHQRQPBxcPlEtIw0yRpws+Zo/3r+5WRby7u3Gg=="],

    "next": ["next@15.5.19", "https://europe-west4-npm.pkg.dev/lovable-core-prod/sandbox-npm-cache/next/-/next-15.5.19.tgz", { "dependencies": { "@next/env": "15.5.19", "@swc/helpers": "0.5.15", "caniuse-lite": "^1.0.30001579", "postcss": "8.4.31", "styled-jsx": "5.1.6" }, "optionalDependencies": { "@next/swc-darwin-arm64": "15.5.19", "@next/swc-darwin-x64": "15.5.19", "@next/swc-linux-arm64-gnu": "15.5.19", "@next/swc-linux-arm64-musl": "15.5.19", "@next/swc-linux-x64-gnu": "15.5.19", "@next/swc-linux-x64-musl": "15.5.19", "@next/swc-win32-arm64-msvc": "15.5.19", "@next/swc-win32-x64-msvc": "15.5.19", "sharp": "^0.34.3" }, "peerDependencies": { "@opentelemetry/api": "^1.1.0", "@playwright/test": "^1.51.1", "babel-plugin-react-compiler": "*", "react": "^18.2.0 || 19.0.0-rc-de68d2f4-20241204 || ^19.0.0", "react-dom": "^18.2.0 || 19.0.0-rc-de68d2f4-20241204 || ^19.0.0", "sass": "^1.3.0" }, "optionalPeers": ["@opentelemetry/api", "@playwright/test", "babel-plugin-react-compiler", "sass"], "bin": { "next": "dist/bin/next" } }, "sha512-xNOW6tYshGX1/Oi3F8uuk4gpDeWsSUE/1Z0G5uUMekIxaQ0xc03UXd9II0VQHYMWviMeA0OHpJFAKsHf8bTYVg=="],

    "next-intl": ["next-intl@3.26.5", "https://europe-west4-npm.pkg.dev/lovable-core-prod/sandbox-npm-cache/next-intl/-/next-intl-3.26.5.tgz", { "dependencies": { "@formatjs/intl-localematcher": "^0.5.4", "negotiator": "^1.0.0", "use-intl": "^3.26.5" }, "peerDependencies": { "next": "^10.0.0 || ^11.0.0 || ^12.0.0 || ^13.0.0 || ^14.0.0 || ^15.0.0", "react": "^16.8.0 || ^17.0.0 || ^18.0.0 || >=19.0.0-rc <19.0.0 || ^19.0.0" } }, "sha512-EQlCIfY0jOhRldiFxwSXG+ImwkQtDEfQeSOEQp6ieAGSLWGlgjdb/Ck/O7wMfC430ZHGeUKVKax8KGusTPKCgg=="],

    "node-cron": ["node-cron@4.4.1", "https://europe-west4-npm.pkg.dev/lovable-core-prod/sandbox-npm-cache/node-cron/-/node-cron-4.4.1.tgz", {}, "sha512-1e4Gku1qeKx1ywNnMoA0o5hiZ8iA4klH84TIszTHZAME68xVIjLkiBo5KrtowbcOJn8MQqJG/yWHjC/dFdMWyQ=="],

    "picocolors": ["picocolors@1.1.1", "https://europe-west4-npm.pkg.dev/lovable-core-prod/sandbox-npm-cache/picocolors/-/picocolors-1.1.1.tgz", {}, "sha512-xceH2snhtb5M9liqDsmEw56le376mTZkEX/jEb/RxNFyegNul7eNslCXP9FDj/Lcu0X8KEyMceP2ntpaHrDEVA=="],

    "postcss": ["postcss@8.4.31", "https://europe-west4-npm.pkg.dev/lovable-core-prod/sandbox-npm-cache/postcss/-/postcss-8.4.31.tgz", { "dependencies": { "nanoid": "^3.3.6", "picocolors": "^1.0.0", "source-map-js": "^1.0.2" } }, "sha512-PS08Iboia9mts/2ygV3eLpY5ghnUcfLV/EXTOW1E2qYxJKGGBUtNjN76FYHnMs36RmARn41bC0AZmn+rR0OVpQ=="],

    "prisma": ["prisma@5.22.0", "https://europe-west4-npm.pkg.dev/lovable-core-prod/sandbox-npm-cache/prisma/-/prisma-5.22.0.tgz", { "dependencies": { "@prisma/engines": "5.22.0" }, "optionalDependencies": { "fsevents": "2.3.3" }, "bin": { "prisma": "build/index.js" } }, "sha512-vtpjW3XuYCSnMsNVBjLMNkTj6OZbudcPPTPYHqX0CJfpcdWciI1dM8uHETwmDxxiqEwCIE6WvXucWUetJgfu/A=="],

    "react": ["react@19.2.7", "https://europe-west4-npm.pkg.dev/lovable-core-prod/sandbox-npm-cache/react/-/react-19.2.7.tgz", {}, "sha512-HNe9WslTbXmFK8o8cmwgAeJFSBvt1bPdHCVKtaaV+WlAN36mpT4hcRpwbf3fY56ar2oIXzsBpOAiIRHAdY0OlQ=="],

    "react-dom": ["react-dom@19.2.7", "https://europe-west4-npm.pkg.dev/lovable-core-prod/sandbox-npm-cache/react-dom/-/react-dom-19.2.7.tgz", { "dependencies": { "scheduler": "^0.27.0" }, "peerDependencies": { "react": "^19.2.7" } }, "sha512-t0BRVXvbiE/o20Hfw669rLbMCDWtYZLvmJigy2f0MxsXF+71pxhR3xOkspmsO8h3ZlNzyibAmtCa3l4lYKk6gQ=="],

    "redis-errors": ["redis-errors@1.2.0", "https://europe-west4-npm.pkg.dev/lovable-core-prod/sandbox-npm-cache/redis-errors/-/redis-errors-1.2.0.tgz", {}, "sha512-1qny3OExCf0UvUV/5wpYKf2YwPcOqXzkwKKSmKHiE6ZMQs5heeE/c8eXK+PNllPvmjgAbfnsbpkGZWy8cBpn9w=="],

    "redis-parser": ["redis-parser@3.0.0", "https://europe-west4-npm.pkg.dev/lovable-core-prod/sandbox-npm-cache/redis-parser/-/redis-parser-3.0.0.tgz", { "dependencies": { "redis-errors": "^1.0.0" } }, "sha512-DJnGAeenTdpMEH6uAJRK/uiyEIH9WVsUmoLwzudwGJUwZPp80PDBWPHXSAGNPwNvIXAbe7MSUB1zQFugFml66A=="],

    "scheduler": ["scheduler@0.27.0", "https://europe-west4-npm.pkg.dev/lovable-core-prod/sandbox-npm-cache/scheduler/-/scheduler-0.27.0.tgz", {}, "sha512-eNv+WrVbKu1f3vbYJT/xtiF5syA5HPIMtf9IgY/nKg0sWqzAUEvqY/xm7OcZc/qafLx/iO9FgOmeSAp4v5ti/Q=="],

    "semver": ["semver@7.8.4", "https://europe-west4-npm.pkg.dev/lovable-core-prod/sandbox-npm-cache/semver/-/semver-7.8.4.tgz", { "bin": { "semver": "bin/semver.js" } }, "sha512-rUCObTnP32Q08R2uuIrt7r9PlEonuTmtuXYcW6s5kjdlj3xbnwe+21yXptAUYcMAABLkYYTtnmzb3w3EDZfueA=="],

    "sharp": ["sharp@0.34.5", "https://europe-west4-npm.pkg.dev/lovable-core-prod/sandbox-npm-cache/sharp/-/sharp-0.34.5.tgz", { "dependencies": { "@img/colour": "^1.0.0", "detect-libc": "^2.1.2", "semver": "^7.7.3" }, "optionalDependencies": { "@img/sharp-darwin-arm64": "0.34.5", "@img/sharp-darwin-x64": "0.34.5", "@img/sharp-libvips-darwin-arm64": "1.2.4", "@img/sharp-libvips-darwin-x64": "1.2.4", "@img/sharp-libvips-linux-arm": "1.2.4", "@img/sharp-libvips-linux-arm64": "1.2.4", "@img/sharp-libvips-linux-ppc64": "1.2.4", "@img/sharp-libvips-linux-riscv64": "1.2.4", "@img/sharp-libvips-linux-s390x": "1.2.4", "@img/sharp-libvips-linux-x64": "1.2.4", "@img/sharp-libvips-linuxmusl-arm64": "1.2.4", "@img/sharp-libvips-linuxmusl-x64": "1.2.4", "@img/sharp-linux-arm": "0.34.5", "@img/sharp-linux-arm64": "0.34.5", "@img/sharp-linux-ppc64": "0.34.5", "@img/sharp-linux-riscv64": "0.34.5", "@img/sharp-linux-s390x": "0.34.5", "@img/sharp-linux-x64": "0.34.5", "@img/sharp-linuxmusl-arm64": "0.34.5", "@img/sharp-linuxmusl-x64": "0.34.5", "@img/sharp-wasm32": "0.34.5", "@img/sharp-win32-arm64": "0.34.5", "@img/sharp-win32-ia32": "0.34.5", "@img/sharp-win32-x64": "0.34.5" } }, "sha512-Ou9I5Ft9WNcCbXrU9cMgPBcCK8LiwLqcbywW3t4oDV37n1pzpuNLsYiAV8eODnjbtQlSDwZ2cUEeQz4E54Hltg=="],

    "source-map-js": ["source-map-js@1.2.1", "https://europe-west4-npm.pkg.dev/lovable-core-prod/sandbox-npm-cache/source-map-js/-/source-map-js-1.2.1.tgz", {}, "sha512-UXWMKhLOwVKb728IUtQPXxfYU+usdybtUrK/8uGE8CQMvrhOpwvzDBwj0QhSL7MQc7vIsISBG8VQ8+IDQxpfQA=="],

    "standard-as-callback": ["standard-as-callback@2.1.0", "https://europe-west4-npm.pkg.dev/lovable-core-prod/sandbox-npm-cache/standard-as-callback/-/standard-as-callback-2.1.0.tgz", {}, "sha512-qoRRSyROncaz1z0mvYqIE4lCd9p2R90i6GxW3uZv5ucSu8tU7B5HXUP1gG8pVZsYNVaXjk8ClXHPttLyxAL48A=="],

    "styled-jsx": ["styled-jsx@5.1.6", "https://europe-west4-npm.pkg.dev/lovable-core-prod/sandbox-npm-cache/styled-jsx/-/styled-jsx-5.1.6.tgz", { "dependencies": { "client-only": "0.0.1" }, "peerDependencies": { "react": ">= 16.8.0 || 17.x.x || ^18.0.0-0 || ^19.0.0-0" } }, "sha512-qSVyDTeMotdvQYoHWLNGwRFJHC+i+ZvdBRYosOFgC+Wg1vx4frN2/RG/NA7SYqqvKNLf39P2LSRA2pu6n0XYZA=="],

    "tslib": ["tslib@2.8.1", "https://europe-west4-npm.pkg.dev/lovable-core-prod/sandbox-npm-cache/tslib/-/tslib-2.8.1.tgz", {}, "sha512-oJFu94HQb+KVduSUQL7wnpmqnfmLsOA/nAh6b6EH0wCEoK0/mPeXU6c3wKDV83MkOuHPRHtSXKKU99IBazS/2w=="],

    "tsx": ["tsx@4.22.4", "https://europe-west4-npm.pkg.dev/lovable-core-prod/sandbox-npm-cache/tsx/-/tsx-4.22.4.tgz", { "dependencies": { "esbuild": "~0.28.0" }, "optionalDependencies": { "fsevents": "~2.3.3" }, "bin": { "tsx": "dist/cli.mjs" } }, "sha512-X8EX+XV4QR5xCsrgxaED954zTDfY8KqlDtskKEL0cHhyS/P8b4IFOvGDQpsC9Q1XnLq915wEfwwY/zzskCtmhg=="],

    "typescript": ["typescript@5.9.3", "https://europe-west4-npm.pkg.dev/lovable-core-prod/sandbox-npm-cache/typescript/-/typescript-5.9.3.tgz", { "bin": { "tsc": "bin/tsc", "tsserver": "bin/tsserver" } }, "sha512-jl1vZzPDinLr9eUt3J/t7V6FgNEw9QjvBPdysz9KfQDD41fQrC2Y4vKQdiaUpFT4bXlb1RHhLpp8wtm6M5TgSw=="],

    "undici-types": ["undici-types@6.21.0", "https://europe-west4-npm.pkg.dev/lovable-core-prod/sandbox-npm-cache/undici-types/-/undici-types-6.21.0.tgz", {}, "sha512-iwDZqg0QAGrg9Rav5H4n0M64c3mkR59cJ6wQp+7C4nI0gsmExaedaYLNO44eT4AtBBwjbTiGPMlt2Md0T9H9JQ=="],

    "use-intl": ["use-intl@3.26.5", "https://europe-west4-npm.pkg.dev/lovable-core-prod/sandbox-npm-cache/use-intl/-/use-intl-3.26.5.tgz", { "dependencies": { "@formatjs/fast-memoize": "^2.2.0", "intl-messageformat": "^10.5.14" }, "peerDependencies": { "react": "^16.8.0 || ^17.0.0 || ^18.0.0 || >=19.0.0-rc <19.0.0 || ^19.0.0" } }, "sha512-OdsJnC/znPvHCHLQH/duvQNXnP1w0hPfS+tkSi3mAbfjYBGh4JnyfdwkQBfIVf7t8gs9eSX/CntxUMvtKdG2MQ=="],

    "zod": ["zod@3.25.76", "https://europe-west4-npm.pkg.dev/lovable-core-prod/sandbox-npm-cache/zod/-/zod-3.25.76.tgz", {}, "sha512-gzUt/qt81nXsFGKIFcC3YnfEAx5NkunCfnDlvuBSSFS02bcXu4Lmea0AFIUwbLWxWPx3d9p8S5QoaujKcNQxcQ=="],

    "@formatjs/ecma402-abstract/@formatjs/intl-localematcher": ["@formatjs/intl-localematcher@0.6.2", "https://europe-west4-npm.pkg.dev/lovable-core-prod/sandbox-npm-cache/@formatjs/intl-localematcher/-/intl-localematcher-0.6.2.tgz", { "dependencies": { "tslib": "^2.8.0" } }, "sha512-XOMO2Hupl0wdd172Y06h6kLpBz6Dv+J4okPLl4LPtzbr8f66WbIoy4ev98EBuZ6ZK4h5ydTN6XneT4QVpD7cdA=="],
  }
}
